// !$*UTF8*$!
{
	archiveVersion = 1;
	classes = {
	};
	objectVersion = 55;
	objects = {

/* Begin PBXBuildFile section */
		FA66AD2B2810A8DE0040C0E3 /* PdfReaderApp.swift in Sources */ = {isa = PBXBuildFile; fileRef = FA66AD2A2810A8DE0040C0E3 /* PdfReaderApp.swift */; };
		FA66AD2D2810A8DE0040C0E3 /* ContentView.swift in Sources */ = {isa = PBXBuildFile; fileRef = FA66AD2C2810A8DE0040C0E3 /* ContentView.swift */; };
		FA66AD2F2810A8E10040C0E3 /* Assets.xcassets in Resources */ = {isa = PBXBuildFile; fileRef = FA66AD2E2810A8E10040C0E3 /* Assets.xcassets */; };
		FA66AD322810A8E10040C0E3 /* Preview Assets.xcassets in Resources */ = {isa = PBXBuildFile; fileRef = FA66AD312810A8E10040C0E3 /* Preview Assets.xcassets */; };
		FA66AD3D2810AEF50040C0E3 /* PDFKitView.swift in Sources */ = {isa = PBXBuildFile; fileRef = FA66AD3C2810AEF50040C0E3 /* PDFKitView.swift */; };
		FA66AD3F2810C2AA0040C0E3 /* ThePdf.pdf in Resources */ = {isa = PBXBuildFile; fileRef = FA66AD3E2810C2AA0040C0E3 /* ThePdf.pdf */; };
		FAE3B8242814793100EC5EFF /* PDFThumbnailRepresented.swift in Sources */ = {isa = PBXBuildFile; fileRef = FAE3B8232814793100EC5EFF /* PDFThumbnailRepresented.swift */; };
/* End PBXBuildFile section */

/* Begin PBXFileReference section */
		FA66AD272810A8DE0040C0E3 /* PdfReader.app */ = {isa = PBXFileReference; explicitFileType = wrapper.application; includeInIndex = 0; path = PdfReader.app; sourceTree = BUILT_PRODUCTS_DIR; };
		FA66AD2A2810A8DE0040C0E3 /* PdfReaderApp.swift */ = {isa = PBXFileReference; lastKnownFileType = sourcecode.swift; path = PdfReaderApp.swift; sourceTree = "<group>"; };
		FA66AD2C2810A8DE0040C0E3 /* ContentView.swift */ = {isa = PBXFileReference; lastKnownFileType = sourcecode.swift; path = ContentView.swift; sourceTree = "<group>"; };
		FA66AD2E2810A8E10040C0E3 /* Assets.xcassets */ = {isa = PBXFileReference; lastKnownFileType = folder.assetcatalog; path = Assets.xcassets; sourceTree = "<group>"; };
		FA66AD312810A8E10040C0E3 /* Preview Assets.xcassets */ = {isa = PBXFileReference; lastKnownFileType = folder.assetcatalog; path = "Preview Assets.xcassets"; sourceTree = "<group>"; };
		FA66AD3C2810AEF50040C0E3 /* PDFKitView.swift */ = {isa = PBXFileReference; lastKnownFileType = sourcecode.swift; path = PDFKitView.swift; sourceTree = "<group>"; };
		FA66AD3E2810C2AA0040C0E3 /* ThePdf.pdf */ = {isa = PBXFileReference; lastKnownFileType = image.pdf; path = ThePdf.pdf; sourceTree = "<group>"; };
		FAE3B8232814793100EC5EFF /* PDFThumbnailRepresented.swift */ = {isa = PBXFileReference; lastKnownFileType = sourcecode.swift; path = PDFThumbnailRepresented.swift; sourceTree = "<group>"; };
/* End PBXFileReference section */

/* Begin PBXFrameworksBuildPhase section */
		FA66AD242810A8DE0040C0E3 /* Frameworks */ = {
			isa = PBXFrameworksBuildPhase;
			buildActionMask = 2147483647;
			files = (
			);
			runOnlyForDeploymentPostprocessing = 0;
		};
/* End PBXFrameworksBuildPhase section */

/* Begin PBXGroup section */
		FA66AD1E2810A8DE0040C0E3 = {
			isa = PBXGroup;
			children = (
				FA66AD292810A8DE0040C0E3 /* PdfReader */,
				FA66AD282810A8DE0040C0E3 /* Products */,
			);
			sourceTree = "<group>";
		};
		FA66AD282810A8DE0040C0E3 /* Products */ = {
			isa = PBXGroup;
			children = (
				FA66AD272810A8DE0040C0E3 /* PdfReader.app */,
			);
			name = Products;
			sourceTree = "<group>";
		};
		FA66AD292810A8DE0040C0E3 /* PdfReader */ = {
			isa = PBXGroup;
			children = (
				FA66AD2A2810A8DE0040C0E3 /* PdfReaderApp.swift */,
				FA66AD2C2810A8DE0040C0E3 /* ContentView.swift */,
				FA66AD2E2810A8E10040C0E3 /* Assets.xcassets */,
				FA66AD302810A8E10040C0E3 /* Preview Content */,
				FA66AD3C2810AEF50040C0E3 /* PDFKitView.swift */,
				FA66AD3E2810C2AA0040C0E3 /* ThePdf.pdf */,
				FAE3B8232814793100EC5EFF /* PDFThumbnailRepresented.swift */,
			);
			path = PdfReader;
			sourceTree = "<group>";
		};
		FA66AD302810A8E10040C0E3 /* Preview Content */ = {
			isa = PBXGroup;
			children = (
				FA66AD312810A8E10040C0E3 /* Preview Assets.xcassets */,
			);
			path = "Preview Content";
			sourceTree = "<group>";
		};
/* End PBXGroup section */

/* Begin PBXNativeTarget section */
		FA66AD262810A8DE0040C0E3 /* PdfReader */ = {
			isa = PBXNativeTarget;
			buildConfigurationList = FA66AD352810A8E10040C0E3 /* Build configuration list for PBXNativeTarget "PdfReader" */;
			buildPhases = (
				FA66AD232810A8DE0040C0E3 /* Sources */,
				FA66AD242810A8DE0040C0E3 /* Frameworks */,
				FA66AD252810A8DE0040C0E3 /* Resources */,
			);
			buildRules = (
			);
			dependencies = (
			);
			name = PdfReader;
			productName = PdfReader;
			productReference = FA66AD272810A8DE0040C0E3 /* PdfReader.app */;
			productType = "com.apple.product-type.application";
		};
/* End PBXNativeTarget section */

/* Begin PBXProject section */
		FA66AD1F2810A8DE0040C0E3 /* Project object */ = {
			isa = PBXProject;
			attributes = {
				BuildIndependentTargetsInParallel = 1;
				LastSwiftUpdateCheck = 1330;
				LastUpgradeCheck = 1330;
				TargetAttributes = {
					FA66AD262810A8DE0040C0E3 = {
						CreatedOnToolsVersion = 13.3.1;
					};
				};
			};
			buildConfigurationList = FA66AD222810A8DE0040C0E3 /* Build configuration list for PBXProject "PdfReader" */;
			compatibilityVersion = "Xcode 13.0";
			developmentRegion = en;
			hasScannedForEncodings = 0;
			knownRegions = (
				en,
				Base,
			);
			mainGroup = FA66AD1E2810A8DE0040C0E3;
			productRefGroup = FA66AD282810A8DE0040C0E3 /* Products */;
			projectDirPath = "";
			projectRoot = "";
			targets = (
				FA66AD262810A8DE0040C0E3 /* PdfReader */,
			);
		};
/* End PBXProject section */

/* Begin PBXResourcesBuildPhase section */
		FA66AD252810A8DE0040C0E3 /* Resources */ = {
			isa = PBXResourcesBuildPhase;
			buildActionMask = 2147483647;
			files = (
				FA66AD3F2810C2AA0040C0E3 /* ThePdf.pdf in Resources */,
				FA66AD322810A8E10040C0E3 /* Preview Assets.xcassets in Resources */,
				FA66AD2F2810A8E10040C0E3 /* Assets.xcassets in Resources */,
			);
			runOnlyForDeploymentPostprocessing = 0;
		};
/* End PBXResourcesBuildPhase section */

/* Begin PBXSourcesBuildPhase section */
		FA66AD232810A8DE0040C0E3 /* Sources */ = {
			isa = PBXSourcesBuildPhase;
			buildActionMask = 2147483647;
			files = (
				FA66AD3D2810AEF50040C0E3 /* PDFKitView.swift in Sources */,
				FA66AD2D2810A8DE0040C0E3 /* ContentView.swift in Sources */,
				FA66AD2B2810A8DE0040C0E3 /* PdfReaderApp.swift in Sources */,
				FAE3B8242814793100EC5EFF /* PDFThumbnailRepresented.swift in Sources */,
			);
			runOnlyForDeploymentPostprocessing = 0;
		};
/* End PBXSourcesBuildPhase section */

/* Begin XCBuildConfiguration section */
		FA66AD332810A8E10040C0E3 /* Debug */ = {
			isa = XCBuildConfiguration;
			buildSettings = {
				ALWAYS_SEARCH_USER_PATHS = NO;
				CLANG_ANALYZER_NONNULL = YES;
				CLANG_ANALYZER_NUMBER_OBJECT_CONVERSION = YES_AGGRESSIVE;
				CLANG_CXX_LANGUAGE_STANDARD = "gnu++17";
				CLANG_ENABLE_MODULES = YES;
				CLANG_ENABLE_OBJC_ARC = YES;
				CLANG_ENABLE_OBJC_WEAK = YES;
				CLANG_WARN_BLOCK_CAPTURE_AUTORELEASING = YES;
				CLANG_WARN_BOOL_CONVERSION = YES;
				CLANG_WARN_COMMA = YES;
				CLANG_WARN_CONSTANT_CONVERSION = YES;
				CLANG_WARN_DEPRECATED_OBJC_IMPLEMENTATIONS = YES;
				CLANG_WARN_DIRECT_OBJC_ISA_USAGE = YES_ERROR;
				CLANG_WARN_DOCUMENTATION_COMMENTS = YES;
				CLANG_WARN_EMPTY_BODY = YES;
				CLANG_WARN_ENUM_CONVERSION = YES;
				CLANG_WARN_INFINITE_RECURSION = YES;
				CLANG_WARN_INT_CONVERSION = YES;
				CLANG_WARN_NON_LITERAL_NULL_CONVERSION = YES;
				CLANG_WARN_OBJC_IMPLICIT_RETAIN_SELF = YES;
				CLANG_WARN_OBJC_LITERAL_CONVERSION = YES;
				CLANG_WARN_OBJC_ROOT_CLASS = YES_ERROR;
				CLANG_WARN_QUOTED_INCLUDE_IN_FRAMEWORK_HEADER = YES;
				CLANG_WARN_RANGE_LOOP_ANALYSIS = YES;
				CLANG_WARN_STRICT_PROTOTYPES = YES;
				CLANG_WARN_SUSPICIOUS_MOVE = YES;
				CLANG_WARN_UNGUARDED_AVAILABILITY = YES_AGGRESSIVE;
				CLANG_WARN_UNREACHABLE_CODE = YES;
				CLANG_WARN__DUPLICATE_METHOD_MATCH = YES;
				COPY_PHASE_STRIP = NO;
				DEBUG_INFORMATION_FORMAT = dwarf;
				ENABLE_STRICT_OBJC_MSGSEND = YES;
				ENABLE_TESTABILITY = YES;
				GCC_C_LANGUAGE_STANDARD = gnu11;
				GCC_DYNAMIC_NO_PIC = NO;
				GCC_NO_COMMON_BLOCKS = YES;
				GCC_OPTIMIZATION_LEVEL = 0;
				GCC_PREPROCESSOR_DEFINITIONS = (
					"DEBUG=1",
					"$(inherited)",
				);
				GCC_WARN_64_TO_32_BIT_CONVERSION = YES;
				GCC_WARN_ABOUT_RETURN_TYPE = YES_ERROR;
				GCC_WARN_UNDECLARED_SELECTOR = YES;
				GCC_WARN_UNINITIALIZED_AUTOS = YES_AGGRESSIVE;
				GCC_WARN_UNUSED_FUNCTION = YES;
				GCC_WARN_UNUSED_VARIABLE = YES;
				IPHONEOS_DEPLOYMENT_TARGET = 15.4;
				MTL_ENABLE_DEBUG_INFO = INCLUDE_SOURCE;
				MTL_FAST_MATH = YES;
				ONLY_ACTIVE_ARCH = YES;
				SDKROOT = iphoneos;
				SWIFT_ACTIVE_COMPILATION_CONDITIONS = DEBUG;
				SWIFT_OPTIMIZATION_LEVEL = "-Onone";
			};
			name = Debug;
		};
		FA66AD342810A8E10040C0E3 /* Release */ = {
			isa = XCBuildConfiguration;
			buildSettings = {
				ALWAYS_SEARCH_USER_PATHS = NO;
				CLANG_ANALYZER_NONNULL = YES;
				CLANG_ANALYZER_NUMBER_OBJECT_CONVERSION = YES_AGGRESSIVE;
				CLANG_CXX_LANGUAGE_STANDARD = "gnu++17";
				CLANG_ENABLE_MODULES = YES;
				CLANG_ENABLE_OBJC_ARC = YES;
				CLANG_ENABLE_OBJC_WEAK = YES;
				CLANG_WARN_BLOCK_CAPTURE_AUTORELEASING = YES;
				CLANG_WARN_BOOL_CONVERSION = YES;
				CLANG_WARN_COMMA = YES;
				CLANG_WARN_CONSTANT_CONVERSION = YES;
				CLANG_WARN_DEPRECATED_OBJC_IMPLEMENTATIONS = YES;
				CLANG_WARN_DIRECT_OBJC_ISA_USAGE = YES_ERROR;
				CLANG_WARN_DOCUMENTATION_COMMENTS = YES;
				CLANG_WARN_EMPTY_BODY = YES;
				CLANG_WARN_ENUM_CONVERSION = YES;
				CLANG_WARN_INFINITE_RECURSION = YES;
				CLANG_WARN_INT_CONVERSION = YES;
				CLANG_WARN_NON_LITERAL_NULL_CONVERSION = YES;
				CLANG_WARN_OBJC_IMPLICIT_RETAIN_SELF = YES;
				CLANG_WARN_OBJC_LITERAL_CONVERSION = YES;
				CLANG_WARN_OBJC_ROOT_CLASS = YES_ERROR;
				CLANG_WARN_QUOTED_INCLUDE_IN_FRAMEWORK_HEADER = YES;
				CLANG_WARN_RANGE_LOOP_ANALYSIS = YES;
				CLANG_WARN_STRICT_PROTOTYPES = YES;
				CLANG_WARN_SUSPICIOUS_MOVE = YES;
				CLANG_WARN_UNGUARDED_AVAILABILITY = YES_AGGRESSIVE;
				CLANG_WARN_UNREACHABLE_CODE = YES;
				CLANG_WARN__DUPLICATE_METHOD_MATCH = YES;
				COPY_PHASE_STRIP = NO;
				DEBUG_INFORMATION_FORMAT = "dwarf-with-dsym";
				ENABLE_NS_ASSERTIONS = NO;
				ENABLE_STRICT_OBJC_MSGSEND = YES;
				GCC_C_LANGUAGE_STANDARD = gnu11;
				GCC_NO_COMMON_BLOCKS = YES;
				GCC_WARN_64_TO_32_BIT_CONVERSION = YES;
				GCC_WARN_ABOUT_RETURN_TYPE = YES_ERROR;
				GCC_WARN_UNDECLARED_SELECTOR = YES;
				GCC_WARN_UNINITIALIZED_AUTOS = YES_AGGRESSIVE;
				GCC_WARN_UNUSED_FUNCTION = YES;
				GCC_WARN_UNUSED_VARIABLE = YES;
				IPHONEOS_DEPLOYMENT_TARGET = 15.4;
				MTL_ENABLE_DEBUG_INFO = NO;
				MTL_FAST_MATH = YES;
				SDKROOT = iphoneos;
				SWIFT_COMPILATION_MODE = wholemodule;
				SWIFT_OPTIMIZATION_LEVEL = "-O";
				VALIDATE_PRODUCT = YES;
			};
			name = Release;
		};
		FA66AD362810A8E10040C0E3 /* Debug */ = {
			isa = XCBuildConfiguration;
			buildSettings = {
				ASSETCATALOG_COMPILER_APPICON_NAME = AppIcon;
				ASSETCATALOG_COMPILER_GLOBAL_ACCENT_COLOR_NAME = AccentColor;
				CODE_SIGN_STYLE = Automatic;
				CURRENT_PROJECT_VERSION = 1;
				DEVELOPMENT_ASSET_PATHS = "\"PdfReader/Preview Content\"";
				DEVELOPMENT_TEAM = 9D3YMVMCY5;
				ENABLE_PREVIEWS = YES;
				GENERATE_INFOPLIST_FILE = YES;
				INFOPLIST_KEY_UIApplicationSceneManifest_Generation = YES;
				INFOPLIST_KEY_UIApplicationSupportsIndirectInputEvents = YES;
				INFOPLIST_KEY_UILaunchScreen_Generation = YES;
				INFOPLIST_KEY_UISupportedInterfaceOrientations_iPad = "UIInterfaceOrientationPortrait UIInterfaceOrientationPortraitUpsideDown UIInterfaceOrientationLandscapeLeft UIInterfaceOrientationLandscapeRight";
				INFOPLIST_KEY_UISupportedInterfaceOrientations_iPhone = "UIInterfaceOrientationPortrait UIInterfaceOrientationLandscapeLeft UIInterfaceOrientationLandscapeRight";
				LD_RUNPATH_SEARCH_PATHS = (
					"$(inherited)",
					"@executable_path/Frameworks",
				);
				MARKETING_VERSION = 1.0;
				PRODUCT_BUNDLE_IDENTIFIER = com.sazza.PdfReader;
				PRODUCT_NAME = "$(TARGET_NAME)";
				SWIFT_EMIT_LOC_STRINGS = YES;
				SWIFT_VERSION = 5.0;
				TARGETED_DEVICE_FAMILY = "1,2";
			};
			name = Debug;
		};
		FA66AD372810A8E10040C0E3 /* Release */ = {
			isa = XCBuildConfiguration;
			buildSettings = {
				ASSETCATALOG_COMPILER_APPICON_NAME = AppIcon;
				ASSETCATALOG_COMPILER_GLOBAL_ACCENT_COLOR_NAME = AccentColor;
				CODE_SIGN_STYLE = Automatic;
				CURRENT_PROJECT_VERSION = 1;
				DEVELOPMENT_ASSET_PATHS = "\"PdfReader/Preview Content\"";
				DEVELOPMENT_TEAM = 9D3YMVMCY5;
				ENABLE_PREVIEWS = YES;
				GENERATE_INFOPLIST_FILE = YES;
				INFOPLIST_KEY_UIApplicationSceneManifest_Generation = YES;
				INFOPLIST_KEY_UIApplicationSupportsIndirectInputEvents = YES;
				INFOPLIST_KEY_UILaunchScreen_Generation = YES;
				INFOPLIST_KEY_UISupportedInterfaceOrientations_iPad = "UIInterfaceOrientationPortrait UIInterfaceOrientationPortraitUpsideDown UIInterfaceOrientationLandscapeLeft UIInterfaceOrientationLandscapeRight";
				INFOPLIST_KEY_UISupportedInterfaceOrientations_iPhone = "UIInterfaceOrientationPortrait UIInterfaceOrientationLandscapeLeft UIInterfaceOrientationLandscapeRight";
				LD_RUNPATH_SEARCH_PATHS = (
					"$(inherited)",
					"@executable_path/Frameworks",
				);
				MARKETING_VERSION = 1.0;
				PRODUCT_BUNDLE_IDENTIFIER = com.sazza.PdfReader;
				PRODUCT_NAME = "$(TARGET_NAME)";
				SWIFT_EMIT_LOC_STRINGS = YES;
				SWIFT_VERSION = 5.0;
				TARGETED_DEVICE_FAMILY = "1,2";
			};
			name = Release;
		};
/* End XCBuildConfiguration section */

/* Begin XCConfigurationList section */
		FA66AD222810A8DE0040C0E3 /* Build configuration list for PBXProject "PdfReader" */ = {
			isa = XCConfigurationList;
			buildConfigurations = (
				FA66AD332810A8E10040C0E3 /* Debug */,
				FA66AD342810A8E10040C0E3 /* Release */,
			);
			defaultConfigurationIsVisible = 0;
			defaultConfigurationName = Release;
		};
		FA66AD352810A8E10040C0E3 /* Build configuration list for PBXNativeTarget "PdfReader" */ = {
			isa = XCConfigurationList;
			buildConfigurations = (
				FA66AD362810A8E10040C0E3 /* Debug */,
				FA66AD372810A8E10040C0E3 /* Release */,
			);
			defaultConfigurationIsVisible = 0;
			defaultConfigurationName = Release;
		};
/* End XCConfigurationList section */
	};
	rootObject = FA66AD1F2810A8DE0040C0E3 /* Project object */;
}
